
Microsoft Visual Studio Solution File, Format Version 12.00
# Visual Studio 2012
# Clarion 2.1.0.2447
Project("{12B76EC0-1D7B-4FA7-A7D0-C524288B48A1}") = "ClarionRecentsCLI", "ClarionRecentsCLI.cwproj", "{13D3FC91-778C-4B5E-AED7-27428D0FF7A0}"
EndProject
Project("{2150E333-8FDC-42A3-9474-1A3956D46DE8}") = "Solution Items", "Solution Items", "{2150E333-8FDC-42A3-9474-1A3956D46DE8}"
	ProjectSection(SolutionItems) = postProject
		ClarionRecentsCLI.app = ClarionRecentsCLI.app
	EndProjectSection
EndProject
Global
	GlobalSection(SolutionConfigurationPlatforms) = preSolution
		Debug|Win32 = Debug|Win32
		Release|Win32 = Release|Win32
	EndGlobalSection
	GlobalSection(ProjectConfigurationPlatforms) = postSolution
		{13D3FC91-778C-4B5E-AED7-27428D0FF7A0}.Debug|Win32.Build.0 = Debug|Win32
		{13D3FC91-778C-4B5E-AED7-27428D0FF7A0}.Debug|Win32.ActiveCfg = Debug|Win32
		{13D3FC91-778C-4B5E-AED7-27428D0FF7A0}.Release|Win32.Build.0 = Release|Win32
		{13D3FC91-778C-4B5E-AED7-27428D0FF7A0}.Release|Win32.ActiveCfg = Release|Win32
	EndGlobalSection
EndGlobal
